// !$*UTF8*$!
{
	archiveVersion = 1;
	classes = {
	};
	objectVersion = 56;
	objects = {

/* Begin PBXBuildFile section */
		5A1F0EAB29C6F77F001E84B4 /* CheatingJankenApp.swift in Sources */ = {isa = PBXBuildFile; fileRef = 5A1F0EAA29C6F77F001E84B4 /* CheatingJankenApp.swift */; };
		5A1F0EAD29C6F77F001E84B4 /* Persistence.swift in Sources */ = {isa = PBXBuildFile; fileRef = 5A1F0EAC29C6F77F001E84B4 /* Persistence.swift */; };
		5A1F0EB029C6F77F001E84B4 /* CheatingJanken.xcdatamodeld in Sources */ = {isa = PBXBuildFile; fileRef = 5A1F0EAE29C6F77F001E84B4 /* CheatingJanken.xcdatamodeld */; };
		5A1F0EB429C6F780001E84B4 /* Assets.xcassets in Resources */ = {isa = PBXBuildFile; fileRef = 5A1F0EB329C6F780001E84B4 /* Assets.xcassets */; };
		5A1F0EB829C6F780001E84B4 /* Preview Assets.xcassets in Resources */ = {isa = PBXBuildFile; fileRef = 5A1F0EB729C6F780001E84B4 /* Preview Assets.xcassets */; };
		5A1F0EBF29C6F7F0001E84B4 /* StageView.swift in Sources */ = {isa = PBXBuildFile; fileRef = 5A1F0EBE29C6F7F0001E84B4 /* StageView.swift */; };
		5AB9232C29E4FD63006094D0 /* CircularProgressBarView.swift in Sources */ = {isa = PBXBuildFile; fileRef = 5AB9232B29E4FD63006094D0 /* CircularProgressBarView.swift */; };
		5AB9232E29E4FDAC006094D0 /* BackgroundView.swift in Sources */ = {isa = PBXBuildFile; fileRef = 5AB9232D29E4FDAC006094D0 /* BackgroundView.swift */; };
		5AB9233029E4FDF1006094D0 /* CardView.swift in Sources */ = {isa = PBXBuildFile; fileRef = 5AB9232F29E4FDF1006094D0 /* CardView.swift */; };
		5AB9233229E56700006094D0 /* HealthPointView.swift in Sources */ = {isa = PBXBuildFile; fileRef = 5AB9233129E56700006094D0 /* HealthPointView.swift */; };
		5AB9233429E5ABA5006094D0 /* ResultView.swift in Sources */ = {isa = PBXBuildFile; fileRef = 5AB9233329E5ABA5006094D0 /* ResultView.swift */; };
		5ADF084429DD4E8A0052765D /* HandGestureView.swift in Sources */ = {isa = PBXBuildFile; fileRef = 5ADF084329DD4E8A0052765D /* HandGestureView.swift */; };
		5ADF084E29DFBCED0052765D /* HandGestureViewModel.swift in Sources */ = {isa = PBXBuildFile; fileRef = 5ADF084D29DFBCED0052765D /* HandGestureViewModel.swift */; };
		5ADF085029DFBD410052765D /* HandGestureDetector.swift in Sources */ = {isa = PBXBuildFile; fileRef = 5ADF084F29DFBD410052765D /* HandGestureDetector.swift */; };
		5ADF085229DFBDE90052765D /* HandGestureModel.swift in Sources */ = {isa = PBXBuildFile; fileRef = 5ADF085129DFBDE90052765D /* HandGestureModel.swift */; };
		5ADF085429DFBE3D0052765D /* CameraView.swift in Sources */ = {isa = PBXBuildFile; fileRef = 5ADF085329DFBE3D0052765D /* CameraView.swift */; };
		5ADF085629E00B2C0052765D /* StageSituation.swift in Sources */ = {isa = PBXBuildFile; fileRef = 5ADF085529E00B2C0052765D /* StageSituation.swift */; };
		5ADF085A29E020DE0052765D /* StageViewModel.swift in Sources */ = {isa = PBXBuildFile; fileRef = 5ADF085929E020DE0052765D /* StageViewModel.swift */; };
		5ADF088C29E28A930052765D /* ColorExtension.swift in Sources */ = {isa = PBXBuildFile; fileRef = 5ADF088B29E28A930052765D /* ColorExtension.swift */; };
/* End PBXBuildFile section */

/* Begin PBXFileReference section */
		5A1F0EA729C6F77F001E84B4 /* CheatingJanken.app */ = {isa = PBXFileReference; explicitFileType = wrapper.application; includeInIndex = 0; path = CheatingJanken.app; sourceTree = BUILT_PRODUCTS_DIR; };
		5A1F0EAA29C6F77F001E84B4 /* CheatingJankenApp.swift */ = {isa = PBXFileReference; lastKnownFileType = sourcecode.swift; path = CheatingJankenApp.swift; sourceTree = "<group>"; };
		5A1F0EAC29C6F77F001E84B4 /* Persistence.swift */ = {isa = PBXFileReference; lastKnownFileType = sourcecode.swift; path = Persistence.swift; sourceTree = "<group>"; };
		5A1F0EAF29C6F77F001E84B4 /* CheatingJanken.xcdatamodel */ = {isa = PBXFileReference; lastKnownFileType = wrapper.xcdatamodel; path = CheatingJanken.xcdatamodel; sourceTree = "<group>"; };
		5A1F0EB329C6F780001E84B4 /* Assets.xcassets */ = {isa = PBXFileReference; lastKnownFileType = folder.assetcatalog; path = Assets.xcassets; sourceTree = "<group>"; };
		5A1F0EB529C6F780001E84B4 /* CheatingJanken.entitlements */ = {isa = PBXFileReference; lastKnownFileType = text.plist.entitlements; path = CheatingJanken.entitlements; sourceTree = "<group>"; };
		5A1F0EB729C6F780001E84B4 /* Preview Assets.xcassets */ = {isa = PBXFileReference; lastKnownFileType = folder.assetcatalog; path = "Preview Assets.xcassets"; sourceTree = "<group>"; };
		5A1F0EBE29C6F7F0001E84B4 /* StageView.swift */ = {isa = PBXFileReference; lastKnownFileType = sourcecode.swift; path = StageView.swift; sourceTree = "<group>"; };
		5AB9232B29E4FD63006094D0 /* CircularProgressBarView.swift */ = {isa = PBXFileReference; lastKnownFileType = sourcecode.swift; path = CircularProgressBarView.swift; sourceTree = "<group>"; };
		5AB9232D29E4FDAC006094D0 /* BackgroundView.swift */ = {isa = PBXFileReference; lastKnownFileType = sourcecode.swift; path = BackgroundView.swift; sourceTree = "<group>"; };
		5AB9232F29E4FDF1006094D0 /* CardView.swift */ = {isa = PBXFileReference; lastKnownFileType = sourcecode.swift; path = CardView.swift; sourceTree = "<group>"; };
		5AB9233129E56700006094D0 /* HealthPointView.swift */ = {isa = PBXFileReference; lastKnownFileType = sourcecode.swift; path = HealthPointView.swift; sourceTree = "<group>"; };
		5AB9233329E5ABA5006094D0 /* ResultView.swift */ = {isa = PBXFileReference; lastKnownFileType = sourcecode.swift; path = ResultView.swift; sourceTree = "<group>"; };
		5ADF084329DD4E8A0052765D /* HandGestureView.swift */ = {isa = PBXFileReference; lastKnownFileType = sourcecode.swift; path = HandGestureView.swift; sourceTree = "<group>"; };
		5ADF084D29DFBCED0052765D /* HandGestureViewModel.swift */ = {isa = PBXFileReference; lastKnownFileType = sourcecode.swift; path = HandGestureViewModel.swift; sourceTree = "<group>"; };
		5ADF084F29DFBD410052765D /* HandGestureDetector.swift */ = {isa = PBXFileReference; lastKnownFileType = sourcecode.swift; path = HandGestureDetector.swift; sourceTree = "<group>"; };
		5ADF085129DFBDE90052765D /* HandGestureModel.swift */ = {isa = PBXFileReference; lastKnownFileType = sourcecode.swift; path = HandGestureModel.swift; sourceTree = "<group>"; };
		5ADF085329DFBE3D0052765D /* CameraView.swift */ = {isa = PBXFileReference; lastKnownFileType = sourcecode.swift; path = CameraView.swift; sourceTree = "<group>"; };
		5ADF085529E00B2C0052765D /* StageSituation.swift */ = {isa = PBXFileReference; lastKnownFileType = sourcecode.swift; path = StageSituation.swift; sourceTree = "<group>"; };
		5ADF085929E020DE0052765D /* StageViewModel.swift */ = {isa = PBXFileReference; lastKnownFileType = sourcecode.swift; path = StageViewModel.swift; sourceTree = "<group>"; };
		5ADF088B29E28A930052765D /* ColorExtension.swift */ = {isa = PBXFileReference; lastKnownFileType = sourcecode.swift; path = ColorExtension.swift; sourceTree = "<group>"; };
/* End PBXFileReference section */

/* Begin PBXFrameworksBuildPhase section */
		5A1F0EA429C6F77F001E84B4 /* Frameworks */ = {
			isa = PBXFrameworksBuildPhase;
			buildActionMask = 2147483647;
			files = (
			);
			runOnlyForDeploymentPostprocessing = 0;
		};
/* End PBXFrameworksBuildPhase section */

/* Begin PBXGroup section */
		5A1F0E9E29C6F77F001E84B4 = {
			isa = PBXGroup;
			children = (
				5A1F0EA929C6F77F001E84B4 /* CheatingJanken */,
				5A1F0EA829C6F77F001E84B4 /* Products */,
			);
			sourceTree = "<group>";
		};
		5A1F0EA829C6F77F001E84B4 /* Products */ = {
			isa = PBXGroup;
			children = (
				5A1F0EA729C6F77F001E84B4 /* CheatingJanken.app */,
			);
			name = Products;
			sourceTree = "<group>";
		};
		5A1F0EA929C6F77F001E84B4 /* CheatingJanken */ = {
			isa = PBXGroup;
			children = (
				5A1F0EAA29C6F77F001E84B4 /* CheatingJankenApp.swift */,
				5A1F0EAC29C6F77F001E84B4 /* Persistence.swift */,
				5A1F0EC229C6F87F001E84B4 /* View */,
				5A1F0EC329C6F889001E84B4 /* ViewModel */,
				5A1F0EC429C6F891001E84B4 /* Model */,
				5A1F0EB329C6F780001E84B4 /* Assets.xcassets */,
				5A1F0EB529C6F780001E84B4 /* CheatingJanken.entitlements */,
				5A1F0EAE29C6F77F001E84B4 /* CheatingJanken.xcdatamodeld */,
				5A1F0EB629C6F780001E84B4 /* Preview Content */,
			);
			path = CheatingJanken;
			sourceTree = "<group>";
		};
		5A1F0EB629C6F780001E84B4 /* Preview Content */ = {
			isa = PBXGroup;
			children = (
				5A1F0EB729C6F780001E84B4 /* Preview Assets.xcassets */,
			);
			path = "Preview Content";
			sourceTree = "<group>";
		};
		5A1F0EC229C6F87F001E84B4 /* View */ = {
			isa = PBXGroup;
			children = (
				5A1F0EBE29C6F7F0001E84B4 /* StageView.swift */,
				5ADF084329DD4E8A0052765D /* HandGestureView.swift */,
				5AB9233329E5ABA5006094D0 /* ResultView.swift */,
				5AB9233129E56700006094D0 /* HealthPointView.swift */,
				5AB9232D29E4FDAC006094D0 /* BackgroundView.swift */,
				5AB9232F29E4FDF1006094D0 /* CardView.swift */,
				5AB9232B29E4FD63006094D0 /* CircularProgressBarView.swift */,
				5ADF085329DFBE3D0052765D /* CameraView.swift */,
			);
			path = View;
			sourceTree = "<group>";
		};
		5A1F0EC329C6F889001E84B4 /* ViewModel */ = {
			isa = PBXGroup;
			children = (
				5ADF085929E020DE0052765D /* StageViewModel.swift */,
				5ADF084D29DFBCED0052765D /* HandGestureViewModel.swift */,
			);
			path = ViewModel;
			sourceTree = "<group>";
		};
		5A1F0EC429C6F891001E84B4 /* Model */ = {
			isa = PBXGroup;
			children = (
				5ADF085129DFBDE90052765D /* HandGestureModel.swift */,
				5ADF084F29DFBD410052765D /* HandGestureDetector.swift */,
				5ADF085529E00B2C0052765D /* StageSituation.swift */,
				5ADF088B29E28A930052765D /* ColorExtension.swift */,
			);
			path = Model;
			sourceTree = "<group>";
		};
/* End PBXGroup section */

/* Begin PBXNativeTarget section */
		5A1F0EA629C6F77F001E84B4 /* CheatingJanken */ = {
			isa = PBXNativeTarget;
			buildConfigurationList = 5A1F0EBB29C6F780001E84B4 /* Build configuration list for PBXNativeTarget "CheatingJanken" */;
			buildPhases = (
				5A1F0EA329C6F77F001E84B4 /* Sources */,
				5A1F0EA429C6F77F001E84B4 /* Frameworks */,
				5A1F0EA529C6F77F001E84B4 /* Resources */,
			);
			buildRules = (
			);
			dependencies = (
			);
			name = CheatingJanken;
			productName = CheatingJanken;
			productReference = 5A1F0EA729C6F77F001E84B4 /* CheatingJanken.app */;
			productType = "com.apple.product-type.application";
		};
/* End PBXNativeTarget section */

/* Begin PBXProject section */
		5A1F0E9F29C6F77F001E84B4 /* Project object */ = {
			isa = PBXProject;
			attributes = {
				BuildIndependentTargetsInParallel = 1;
				LastSwiftUpdateCheck = 1420;
				LastUpgradeCheck = 1420;
				TargetAttributes = {
					5A1F0EA629C6F77F001E84B4 = {
						CreatedOnToolsVersion = 14.2;
					};
				};
			};
			buildConfigurationList = 5A1F0EA229C6F77F001E84B4 /* Build configuration list for PBXProject "CheatingJanken" */;
			compatibilityVersion = "Xcode 14.0";
			developmentRegion = en;
			hasScannedForEncodings = 0;
			knownRegions = (
				en,
				Base,
			);
			mainGroup = 5A1F0E9E29C6F77F001E84B4;
			productRefGroup = 5A1F0EA829C6F77F001E84B4 /* Products */;
			projectDirPath = "";
			projectRoot = "";
			targets = (
				5A1F0EA629C6F77F001E84B4 /* CheatingJanken */,
			);
		};
/* End PBXProject section */

/* Begin PBXResourcesBuildPhase section */
		5A1F0EA529C6F77F001E84B4 /* Resources */ = {
			isa = PBXResourcesBuildPhase;
			buildActionMask = 2147483647;
			files = (
				5A1F0EB829C6F780001E84B4 /* Preview Assets.xcassets in Resources */,
				5A1F0EB429C6F780001E84B4 /* Assets.xcassets in Resources */,
			);
			runOnlyForDeploymentPostprocessing = 0;
		};
/* End PBXResourcesBuildPhase section */

/* Begin PBXSourcesBuildPhase section */
		5A1F0EA329C6F77F001E84B4 /* Sources */ = {
			isa = PBXSourcesBuildPhase;
			buildActionMask = 2147483647;
			files = (
				5ADF085029DFBD410052765D /* HandGestureDetector.swift in Sources */,
				5A1F0EBF29C6F7F0001E84B4 /* StageView.swift in Sources */,
				5A1F0EAB29C6F77F001E84B4 /* CheatingJankenApp.swift in Sources */,
				5ADF088C29E28A930052765D /* ColorExtension.swift in Sources */,
				5AB9233029E4FDF1006094D0 /* CardView.swift in Sources */,
				5ADF085429DFBE3D0052765D /* CameraView.swift in Sources */,
				5A1F0EAD29C6F77F001E84B4 /* Persistence.swift in Sources */,
				5A1F0EB029C6F77F001E84B4 /* CheatingJanken.xcdatamodeld in Sources */,
				5ADF085629E00B2C0052765D /* StageSituation.swift in Sources */,
				5ADF085229DFBDE90052765D /* HandGestureModel.swift in Sources */,
				5ADF084429DD4E8A0052765D /* HandGestureView.swift in Sources */,
				5AB9233229E56700006094D0 /* HealthPointView.swift in Sources */,
				5AB9232E29E4FDAC006094D0 /* BackgroundView.swift in Sources */,
				5AB9233429E5ABA5006094D0 /* ResultView.swift in Sources */,
				5AB9232C29E4FD63006094D0 /* CircularProgressBarView.swift in Sources */,
				5ADF084E29DFBCED0052765D /* HandGestureViewModel.swift in Sources */,
				5ADF085A29E020DE0052765D /* StageViewModel.swift in Sources */,
			);
			runOnlyForDeploymentPostprocessing = 0;
		};
/* End PBXSourcesBuildPhase section */

/* Begin XCBuildConfiguration section */
		5A1F0EB929C6F780001E84B4 /* Debug */ = {
			isa = XCBuildConfiguration;
			buildSettings = {
				ALWAYS_SEARCH_USER_PATHS = NO;
				CLANG_ANALYZER_NONNULL = YES;
				CLANG_ANALYZER_NUMBER_OBJECT_CONVERSION = YES_AGGRESSIVE;
				CLANG_CXX_LANGUAGE_STANDARD = "gnu++20";
				CLANG_ENABLE_MODULES = YES;
				CLANG_ENABLE_OBJC_ARC = YES;
				CLANG_ENABLE_OBJC_WEAK = YES;
				CLANG_WARN_BLOCK_CAPTURE_AUTORELEASING = YES;
				CLANG_WARN_BOOL_CONVERSION = YES;
				CLANG_WARN_COMMA = YES;
				CLANG_WARN_CONSTANT_CONVERSION = YES;
				CLANG_WARN_DEPRECATED_OBJC_IMPLEMENTATIONS = YES;
				CLANG_WARN_DIRECT_OBJC_ISA_USAGE = YES_ERROR;
				CLANG_WARN_DOCUMENTATION_COMMENTS = YES;
				CLANG_WARN_EMPTY_BODY = YES;
				CLANG_WARN_ENUM_CONVERSION = YES;
				CLANG_WARN_INFINITE_RECURSION = YES;
				CLANG_WARN_INT_CONVERSION = YES;
				CLANG_WARN_NON_LITERAL_NULL_CONVERSION = YES;
				CLANG_WARN_OBJC_IMPLICIT_RETAIN_SELF = YES;
				CLANG_WARN_OBJC_LITERAL_CONVERSION = YES;
				CLANG_WARN_OBJC_ROOT_CLASS = YES_ERROR;
				CLANG_WARN_QUOTED_INCLUDE_IN_FRAMEWORK_HEADER = YES;
				CLANG_WARN_RANGE_LOOP_ANALYSIS = YES;
				CLANG_WARN_STRICT_PROTOTYPES = YES;
				CLANG_WARN_SUSPICIOUS_MOVE = YES;
				CLANG_WARN_UNGUARDED_AVAILABILITY = YES_AGGRESSIVE;
				CLANG_WARN_UNREACHABLE_CODE = YES;
				CLANG_WARN__DUPLICATE_METHOD_MATCH = YES;
				COPY_PHASE_STRIP = NO;
				DEBUG_INFORMATION_FORMAT = dwarf;
				ENABLE_STRICT_OBJC_MSGSEND = YES;
				ENABLE_TESTABILITY = YES;
				GCC_C_LANGUAGE_STANDARD = gnu11;
				GCC_DYNAMIC_NO_PIC = NO;
				GCC_NO_COMMON_BLOCKS = YES;
				GCC_OPTIMIZATION_LEVEL = 0;
				GCC_PREPROCESSOR_DEFINITIONS = (
					"DEBUG=1",
					"$(inherited)",
				);
				GCC_WARN_64_TO_32_BIT_CONVERSION = YES;
				GCC_WARN_ABOUT_RETURN_TYPE = YES_ERROR;
				GCC_WARN_UNDECLARED_SELECTOR = YES;
				GCC_WARN_UNINITIALIZED_AUTOS = YES_AGGRESSIVE;
				GCC_WARN_UNUSED_FUNCTION = YES;
				GCC_WARN_UNUSED_VARIABLE = YES;
				MTL_ENABLE_DEBUG_INFO = INCLUDE_SOURCE;
				MTL_FAST_MATH = YES;
				ONLY_ACTIVE_ARCH = YES;
				SWIFT_ACTIVE_COMPILATION_CONDITIONS = DEBUG;
				SWIFT_OPTIMIZATION_LEVEL = "-Onone";
			};
			name = Debug;
		};
		5A1F0EBA29C6F780001E84B4 /* Release */ = {
			isa = XCBuildConfiguration;
			buildSettings = {
				ALWAYS_SEARCH_USER_PATHS = NO;
				CLANG_ANALYZER_NONNULL = YES;
				CLANG_ANALYZER_NUMBER_OBJECT_CONVERSION = YES_AGGRESSIVE;
				CLANG_CXX_LANGUAGE_STANDARD = "gnu++20";
				CLANG_ENABLE_MODULES = YES;
				CLANG_ENABLE_OBJC_ARC = YES;
				CLANG_ENABLE_OBJC_WEAK = YES;
				CLANG_WARN_BLOCK_CAPTURE_AUTORELEASING = YES;
				CLANG_WARN_BOOL_CONVERSION = YES;
				CLANG_WARN_COMMA = YES;
				CLANG_WARN_CONSTANT_CONVERSION = YES;
				CLANG_WARN_DEPRECATED_OBJC_IMPLEMENTATIONS = YES;
				CLANG_WARN_DIRECT_OBJC_ISA_USAGE = YES_ERROR;
				CLANG_WARN_DOCUMENTATION_COMMENTS = YES;
				CLANG_WARN_EMPTY_BODY = YES;
				CLANG_WARN_ENUM_CONVERSION = YES;
				CLANG_WARN_INFINITE_RECURSION = YES;
				CLANG_WARN_INT_CONVERSION = YES;
				CLANG_WARN_NON_LITERAL_NULL_CONVERSION = YES;
				CLANG_WARN_OBJC_IMPLICIT_RETAIN_SELF = YES;
				CLANG_WARN_OBJC_LITERAL_CONVERSION = YES;
				CLANG_WARN_OBJC_ROOT_CLASS = YES_ERROR;
				CLANG_WARN_QUOTED_INCLUDE_IN_FRAMEWORK_HEADER = YES;
				CLANG_WARN_RANGE_LOOP_ANALYSIS = YES;
				CLANG_WARN_STRICT_PROTOTYPES = YES;
				CLANG_WARN_SUSPICIOUS_MOVE = YES;
				CLANG_WARN_UNGUARDED_AVAILABILITY = YES_AGGRESSIVE;
				CLANG_WARN_UNREACHABLE_CODE = YES;
				CLANG_WARN__DUPLICATE_METHOD_MATCH = YES;
				COPY_PHASE_STRIP = NO;
				DEBUG_INFORMATION_FORMAT = "dwarf-with-dsym";
				ENABLE_NS_ASSERTIONS = NO;
				ENABLE_STRICT_OBJC_MSGSEND = YES;
				GCC_C_LANGUAGE_STANDARD = gnu11;
				GCC_NO_COMMON_BLOCKS = YES;
				GCC_WARN_64_TO_32_BIT_CONVERSION = YES;
				GCC_WARN_ABOUT_RETURN_TYPE = YES_ERROR;
				GCC_WARN_UNDECLARED_SELECTOR = YES;
				GCC_WARN_UNINITIALIZED_AUTOS = YES_AGGRESSIVE;
				GCC_WARN_UNUSED_FUNCTION = YES;
				GCC_WARN_UNUSED_VARIABLE = YES;
				MTL_ENABLE_DEBUG_INFO = NO;
				MTL_FAST_MATH = YES;
				SWIFT_COMPILATION_MODE = wholemodule;
				SWIFT_OPTIMIZATION_LEVEL = "-O";
			};
			name = Release;
		};
		5A1F0EBC29C6F780001E84B4 /* Debug */ = {
			isa = XCBuildConfiguration;
			buildSettings = {
				ASSETCATALOG_COMPILER_APPICON_NAME = AppIcon;
				ASSETCATALOG_COMPILER_GLOBAL_ACCENT_COLOR_NAME = AccentColor;
				CODE_SIGN_ENTITLEMENTS = CheatingJanken/CheatingJanken.entitlements;
				CODE_SIGN_STYLE = Automatic;
				CURRENT_PROJECT_VERSION = 1;
				DEVELOPMENT_ASSET_PATHS = "\"CheatingJanken/Preview Content\"";
				DEVELOPMENT_TEAM = 254E5TZV4C;
				ENABLE_HARDENED_RUNTIME = YES;
				ENABLE_PREVIEWS = YES;
				GENERATE_INFOPLIST_FILE = YES;
				INFOPLIST_KEY_NSCameraUsageDescription = "カメラ";
				"INFOPLIST_KEY_UIApplicationSceneManifest_Generation[sdk=iphoneos*]" = YES;
				"INFOPLIST_KEY_UIApplicationSceneManifest_Generation[sdk=iphonesimulator*]" = YES;
				"INFOPLIST_KEY_UIApplicationSupportsIndirectInputEvents[sdk=iphoneos*]" = YES;
				"INFOPLIST_KEY_UIApplicationSupportsIndirectInputEvents[sdk=iphonesimulator*]" = YES;
				"INFOPLIST_KEY_UILaunchScreen_Generation[sdk=iphoneos*]" = YES;
				"INFOPLIST_KEY_UILaunchScreen_Generation[sdk=iphonesimulator*]" = YES;
				"INFOPLIST_KEY_UIStatusBarStyle[sdk=iphoneos*]" = UIStatusBarStyleDefault;
				"INFOPLIST_KEY_UIStatusBarStyle[sdk=iphonesimulator*]" = UIStatusBarStyleDefault;
				INFOPLIST_KEY_UISupportedInterfaceOrientations_iPad = "UIInterfaceOrientationPortrait UIInterfaceOrientationPortraitUpsideDown UIInterfaceOrientationLandscapeLeft UIInterfaceOrientationLandscapeRight";
				INFOPLIST_KEY_UISupportedInterfaceOrientations_iPhone = "UIInterfaceOrientationPortrait UIInterfaceOrientationLandscapeLeft UIInterfaceOrientationLandscapeRight";
				IPHONEOS_DEPLOYMENT_TARGET = 16.2;
				LD_RUNPATH_SEARCH_PATHS = "@executable_path/Frameworks";
				"LD_RUNPATH_SEARCH_PATHS[sdk=macosx*]" = "@executable_path/../Frameworks";
				MACOSX_DEPLOYMENT_TARGET = 13.1;
				MARKETING_VERSION = 1.0;
				PRODUCT_BUNDLE_IDENTIFIER = ryumagicryu.CheatingJanken;
				PRODUCT_NAME = "$(TARGET_NAME)";
				SDKROOT = auto;
				SUPPORTED_PLATFORMS = "iphoneos iphonesimulator macosx";
				SWIFT_EMIT_LOC_STRINGS = YES;
				SWIFT_VERSION = 5.0;
				TARGETED_DEVICE_FAMILY = "1,2";
			};
			name = Debug;
		};
		5A1F0EBD29C6F780001E84B4 /* Release */ = {
			isa = XCBuildConfiguration;
			buildSettings = {
				ASSETCATALOG_COMPILER_APPICON_NAME = AppIcon;
				ASSETCATALOG_COMPILER_GLOBAL_ACCENT_COLOR_NAME = AccentColor;
				CODE_SIGN_ENTITLEMENTS = CheatingJanken/CheatingJanken.entitlements;
				CODE_SIGN_STYLE = Automatic;
				CURRENT_PROJECT_VERSION = 1;
				DEVELOPMENT_ASSET_PATHS = "\"CheatingJanken/Preview Content\"";
				DEVELOPMENT_TEAM = 254E5TZV4C;
				ENABLE_HARDENED_RUNTIME = YES;
				ENABLE_PREVIEWS = YES;
				GENERATE_INFOPLIST_FILE = YES;
				INFOPLIST_KEY_NSCameraUsageDescription = "カメラ";
				"INFOPLIST_KEY_UIApplicationSceneManifest_Generation[sdk=iphoneos*]" = YES;
				"INFOPLIST_KEY_UIApplicationSceneManifest_Generation[sdk=iphonesimulator*]" = YES;
				"INFOPLIST_KEY_UIApplicationSupportsIndirectInputEvents[sdk=iphoneos*]" = YES;
				"INFOPLIST_KEY_UIApplicationSupportsIndirectInputEvents[sdk=iphonesimulator*]" = YES;
				"INFOPLIST_KEY_UILaunchScreen_Generation[sdk=iphoneos*]" = YES;
				"INFOPLIST_KEY_UILaunchScreen_Generation[sdk=iphonesimulator*]" = YES;
				"INFOPLIST_KEY_UIStatusBarStyle[sdk=iphoneos*]" = UIStatusBarStyleDefault;
				"INFOPLIST_KEY_UIStatusBarStyle[sdk=iphonesimulator*]" = UIStatusBarStyleDefault;
				INFOPLIST_KEY_UISupportedInterfaceOrientations_iPad = "UIInterfaceOrientationPortrait UIInterfaceOrientationPortraitUpsideDown UIInterfaceOrientationLandscapeLeft UIInterfaceOrientationLandscapeRight";
				INFOPLIST_KEY_UISupportedInterfaceOrientations_iPhone = "UIInterfaceOrientationPortrait UIInterfaceOrientationLandscapeLeft UIInterfaceOrientationLandscapeRight";
				IPHONEOS_DEPLOYMENT_TARGET = 16.2;
				LD_RUNPATH_SEARCH_PATHS = "@executable_path/Frameworks";
				"LD_RUNPATH_SEARCH_PATHS[sdk=macosx*]" = "@executable_path/../Frameworks";
				MACOSX_DEPLOYMENT_TARGET = 13.1;
				MARKETING_VERSION = 1.0;
				PRODUCT_BUNDLE_IDENTIFIER = ryumagicryu.CheatingJanken;
				PRODUCT_NAME = "$(TARGET_NAME)";
				SDKROOT = auto;
				SUPPORTED_PLATFORMS = "iphoneos iphonesimulator macosx";
				SWIFT_EMIT_LOC_STRINGS = YES;
				SWIFT_VERSION = 5.0;
				TARGETED_DEVICE_FAMILY = "1,2";
			};
			name = Release;
		};
/* End XCBuildConfiguration section */

/* Begin XCConfigurationList section */
		5A1F0EA229C6F77F001E84B4 /* Build configuration list for PBXProject "CheatingJanken" */ = {
			isa = XCConfigurationList;
			buildConfigurations = (
				5A1F0EB929C6F780001E84B4 /* Debug */,
				5A1F0EBA29C6F780001E84B4 /* Release */,
			);
			defaultConfigurationIsVisible = 0;
			defaultConfigurationName = Release;
		};
		5A1F0EBB29C6F780001E84B4 /* Build configuration list for PBXNativeTarget "CheatingJanken" */ = {
			isa = XCConfigurationList;
			buildConfigurations = (
				5A1F0EBC29C6F780001E84B4 /* Debug */,
				5A1F0EBD29C6F780001E84B4 /* Release */,
			);
			defaultConfigurationIsVisible = 0;
			defaultConfigurationName = Release;
		};
/* End XCConfigurationList section */

/* Begin XCVersionGroup section */
		5A1F0EAE29C6F77F001E84B4 /* CheatingJanken.xcdatamodeld */ = {
			isa = XCVersionGroup;
			children = (
				5A1F0EAF29C6F77F001E84B4 /* CheatingJanken.xcdatamodel */,
			);
			currentVersion = 5A1F0EAF29C6F77F001E84B4 /* CheatingJanken.xcdatamodel */;
			path = CheatingJanken.xcdatamodeld;
			sourceTree = "<group>";
			versionGroupType = wrapper.xcdatamodel;
		};
/* End XCVersionGroup section */
	};
	rootObject = 5A1F0E9F29C6F77F001E84B4 /* Project object */;
}
